
Microsoft Visual Studio Solution File, Format Version 12.00
# Visual Studio Version 16
VisualStudioVersion = 16.0.30503.244
MinimumVisualStudioVersion = 10.0.40219.1
Project("{FAE04EC0-301F-11D3-BF4B-00C04F79EFBC}") = "GMS - Web Client", "GMS - Web Client\GMS - Web Client.csproj", "{DA4BB801-9EF5-4D2F-8D90-F656CA6DE011}"
EndProject
Project("{9A19103F-16F7-4668-BE54-9A1E7A4F7556}") = "GMS - Desktop Client", "GMS - Desktop Client\GMS - Desktop Client.csproj", "{D2444DFA-044F-43AA-90CD-D802E59642E3}"
EndProject
Project("{9A19103F-16F7-4668-BE54-9A1E7A4F7556}") = "GMS - Model", "GMS - Model\GMS - Model.csproj", "{8D1D1116-A57F-4079-97B2-6B5056D7422A}"
EndProject
Project("{9A19103F-16F7-4668-BE54-9A1E7A4F7556}") = "GMS - Data Access Layer", "GMS - Data Access Layer\GMS - Data Access Layer.csproj", "{A9F64E88-6AC3-4204-8F9A-FB2D2D035962}"
EndProject
Project("{9A19103F-16F7-4668-BE54-9A1E7A4F7556}") = "GMS - API", "GMS - API\GMS - API.csproj", "{ACD726DD-2BAD-40CC-B4B2-0D8C3C24CE47}"
EndProject
Project("{9A19103F-16F7-4668-BE54-9A1E7A4F7556}") = "GMS - Business Layer", "GMS - Business Layer\GMS - Business Layer.csproj", "{98279411-5836-455F-9C06-87A86C2A2591}"
EndProject
Project("{FAE04EC0-301F-11D3-BF4B-00C04F79EFBC}") = "GMS - Test", "GMS - Test\GMS - Test.csproj", "{0679BCB3-C6C8-4C46-8E5D-B26FC19E479D}"
EndProject
Global
	GlobalSection(SolutionConfigurationPlatforms) = preSolution
		Debug|Any CPU = Debug|Any CPU
		Release|Any CPU = Release|Any CPU
	EndGlobalSection
	GlobalSection(ProjectConfigurationPlatforms) = postSolution
		{DA4BB801-9EF5-4D2F-8D90-F656CA6DE011}.Debug|Any CPU.ActiveCfg = Debug|Any CPU
		{DA4BB801-9EF5-4D2F-8D90-F656CA6DE011}.Debug|Any CPU.Build.0 = Debug|Any CPU
		{DA4BB801-9EF5-4D2F-8D90-F656CA6DE011}.Release|Any CPU.ActiveCfg = Release|Any CPU
		{DA4BB801-9EF5-4D2F-8D90-F656CA6DE011}.Release|Any CPU.Build.0 = Release|Any CPU
		{D2444DFA-044F-43AA-90CD-D802E59642E3}.Debug|Any CPU.ActiveCfg = Debug|Any CPU
		{D2444DFA-044F-43AA-90CD-D802E59642E3}.Debug|Any CPU.Build.0 = Debug|Any CPU
		{D2444DFA-044F-43AA-90CD-D802E59642E3}.Release|Any CPU.ActiveCfg = Release|Any CPU
		{D2444DFA-044F-43AA-90CD-D802E59642E3}.Release|Any CPU.Build.0 = Release|Any CPU
		{8D1D1116-A57F-4079-97B2-6B5056D7422A}.Debug|Any CPU.ActiveCfg = Debug|Any CPU
		{8D1D1116-A57F-4079-97B2-6B5056D7422A}.Debug|Any CPU.Build.0 = Debug|Any CPU
		{8D1D1116-A57F-4079-97B2-6B5056D7422A}.Release|Any CPU.ActiveCfg = Release|Any CPU
		{8D1D1116-A57F-4079-97B2-6B5056D7422A}.Release|Any CPU.Build.0 = Release|Any CPU
		{A9F64E88-6AC3-4204-8F9A-FB2D2D035962}.Debug|Any CPU.ActiveCfg = Debug|Any CPU
		{A9F64E88-6AC3-4204-8F9A-FB2D2D035962}.Debug|Any CPU.Build.0 = Debug|Any CPU
		{A9F64E88-6AC3-4204-8F9A-FB2D2D035962}.Release|Any CPU.ActiveCfg = Release|Any CPU
		{A9F64E88-6AC3-4204-8F9A-FB2D2D035962}.Release|Any CPU.Build.0 = Release|Any CPU
		{ACD726DD-2BAD-40CC-B4B2-0D8C3C24CE47}.Debug|Any CPU.ActiveCfg = Debug|Any CPU
		{ACD726DD-2BAD-40CC-B4B2-0D8C3C24CE47}.Debug|Any CPU.Build.0 = Debug|Any CPU
		{ACD726DD-2BAD-40CC-B4B2-0D8C3C24CE47}.Release|Any CPU.ActiveCfg = Release|Any CPU
		{ACD726DD-2BAD-40CC-B4B2-0D8C3C24CE47}.Release|Any CPU.Build.0 = Release|Any CPU
		{98279411-5836-455F-9C06-87A86C2A2591}.Debug|Any CPU.ActiveCfg = Debug|Any CPU
		{98279411-5836-455F-9C06-87A86C2A2591}.Debug|Any CPU.Build.0 = Debug|Any CPU
		{98279411-5836-455F-9C06-87A86C2A2591}.Release|Any CPU.ActiveCfg = Release|Any CPU
		{98279411-5836-455F-9C06-87A86C2A2591}.Release|Any CPU.Build.0 = Release|Any CPU
		{0679BCB3-C6C8-4C46-8E5D-B26FC19E479D}.Debug|Any CPU.ActiveCfg = Debug|Any CPU
		{0679BCB3-C6C8-4C46-8E5D-B26FC19E479D}.Debug|Any CPU.Build.0 = Debug|Any CPU
		{0679BCB3-C6C8-4C46-8E5D-B26FC19E479D}.Release|Any CPU.ActiveCfg = Release|Any CPU
		{0679BCB3-C6C8-4C46-8E5D-B26FC19E479D}.Release|Any CPU.Build.0 = Release|Any CPU
	EndGlobalSection
	GlobalSection(SolutionProperties) = preSolution
		HideSolutionNode = FALSE
	EndGlobalSection
	GlobalSection(ExtensibilityGlobals) = postSolution
		SolutionGuid = {1A38CC30-5E6E-409B-BCB5-36A0F81ACEDD}
	EndGlobalSection
EndGlobal
